
Microsoft Visual Studio Solution File, Format Version 12.00
# Visual Studio Version 16
VisualStudioVersion = 16.0.30114.105
MinimumVisualStudioVersion = 10.0.40219.1
Project("{2150E333-8FDC-42A3-9474-1A3956D46DE8}") = "core", "core", "{0722D2A7-76C6-430F-A238-56685022F264}"
EndProject
Project("{FAE04EC0-301F-11D3-BF4B-00C04F79EFBC}") = "Wemogy.Infrastructure.Database.Core", "core\Wemogy.Infrastructure.Database.Core\Wemogy.Infrastructure.Database.Core.csproj", "{E891674B-721B-4F97-A1CB-2C76F4C542C6}"
EndProject
Project("{FAE04EC0-301F-11D3-BF4B-00C04F79EFBC}") = "Wemogy.Infrastructure.Database.Core.UnitTests", "core\Wemogy.Infrastructure.Database.Core.UnitTests\Wemogy.Infrastructure.Database.Core.UnitTests.csproj", "{7DBFFDE9-C11F-4BC5-AA47-FEDBB0C0072F}"
EndProject
Project("{2150E333-8FDC-42A3-9474-1A3956D46DE8}") = "cosmos", "cosmos", "{6398B935-DFD3-4487-8C59-E23EFC9A4FFE}"
EndProject
Project("{FAE04EC0-301F-11D3-BF4B-00C04F79EFBC}") = "Wemogy.Infrastructure.Database.Cosmos", "cosmos\Wemogy.Infrastructure.Database.Cosmos\Wemogy.Infrastructure.Database.Cosmos.csproj", "{80FDAE1E-DA9B-4FE2-B097-4194D2929D57}"
EndProject
Project("{FAE04EC0-301F-11D3-BF4B-00C04F79EFBC}") = "Wemogy.Infrastructure.Database.Cosmos.UnitTests", "cosmos\Wemogy.Infrastructure.Database.Cosmos.UnitTests\Wemogy.Infrastructure.Database.Cosmos.UnitTests.csproj", "{C157F2D0-138A-4D4C-AC2A-474500AD73EA}"
EndProject
Project("{2150E333-8FDC-42A3-9474-1A3956D46DE8}") = "in-memory", "in-memory", "{4BEAB657-4568-4391-B0A0-E745F0DAF77C}"
EndProject
Project("{FAE04EC0-301F-11D3-BF4B-00C04F79EFBC}") = "Wemogy.Infrastructure.Database.InMemory", "in-memory\Wemogy.Infrastructure.Database.InMemory\Wemogy.Infrastructure.Database.InMemory.csproj", "{EE223BF5-26EB-4522-847E-09AC2A87DF98}"
EndProject
Project("{FAE04EC0-301F-11D3-BF4B-00C04F79EFBC}") = "Wemogy.Infrastructure.Database.InMemory.UnitTests", "in-memory\Wemogy.Infrastructure.Database.InMemory.UnitTests\Wemogy.Infrastructure.Database.InMemory.UnitTests.csproj", "{61AB84FA-D4F6-4B78-8E82-6749A3EC9C1C}"
EndProject
Project("{FAE04EC0-301F-11D3-BF4B-00C04F79EFBC}") = "Wemogy.Core", "..\..\libs\helpers\src\Wemogy.Core\Wemogy.Core.csproj", "{44DFE52E-543B-45A7-823D-F05DB3E1A3BA}"
EndProject
Global
	GlobalSection(SolutionConfigurationPlatforms) = preSolution
		Debug|Any CPU = Debug|Any CPU
		Debug|x64 = Debug|x64
		Debug|x86 = Debug|x86
		Release|Any CPU = Release|Any CPU
		Release|x64 = Release|x64
		Release|x86 = Release|x86
	EndGlobalSection
	GlobalSection(SolutionProperties) = preSolution
		HideSolutionNode = FALSE
	EndGlobalSection
	GlobalSection(ProjectConfigurationPlatforms) = postSolution
		{E891674B-721B-4F97-A1CB-2C76F4C542C6}.Debug|Any CPU.ActiveCfg = Debug|Any CPU
		{E891674B-721B-4F97-A1CB-2C76F4C542C6}.Debug|Any CPU.Build.0 = Debug|Any CPU
		{E891674B-721B-4F97-A1CB-2C76F4C542C6}.Debug|x64.ActiveCfg = Debug|Any CPU
		{E891674B-721B-4F97-A1CB-2C76F4C542C6}.Debug|x64.Build.0 = Debug|Any CPU
		{E891674B-721B-4F97-A1CB-2C76F4C542C6}.Debug|x86.ActiveCfg = Debug|Any CPU
		{E891674B-721B-4F97-A1CB-2C76F4C542C6}.Debug|x86.Build.0 = Debug|Any CPU
		{E891674B-721B-4F97-A1CB-2C76F4C542C6}.Release|Any CPU.ActiveCfg = Release|Any CPU
		{E891674B-721B-4F97-A1CB-2C76F4C542C6}.Release|Any CPU.Build.0 = Release|Any CPU
		{E891674B-721B-4F97-A1CB-2C76F4C542C6}.Release|x64.ActiveCfg = Release|Any CPU
		{E891674B-721B-4F97-A1CB-2C76F4C542C6}.Release|x64.Build.0 = Release|Any CPU
		{E891674B-721B-4F97-A1CB-2C76F4C542C6}.Release|x86.ActiveCfg = Release|Any CPU
		{E891674B-721B-4F97-A1CB-2C76F4C542C6}.Release|x86.Build.0 = Release|Any CPU
		{7DBFFDE9-C11F-4BC5-AA47-FEDBB0C0072F}.Debug|Any CPU.ActiveCfg = Debug|Any CPU
		{7DBFFDE9-C11F-4BC5-AA47-FEDBB0C0072F}.Debug|Any CPU.Build.0 = Debug|Any CPU
		{7DBFFDE9-C11F-4BC5-AA47-FEDBB0C0072F}.Debug|x64.ActiveCfg = Debug|Any CPU
		{7DBFFDE9-C11F-4BC5-AA47-FEDBB0C0072F}.Debug|x64.Build.0 = Debug|Any CPU
		{7DBFFDE9-C11F-4BC5-AA47-FEDBB0C0072F}.Debug|x86.ActiveCfg = Debug|Any CPU
		{7DBFFDE9-C11F-4BC5-AA47-FEDBB0C0072F}.Debug|x86.Build.0 = Debug|Any CPU
		{7DBFFDE9-C11F-4BC5-AA47-FEDBB0C0072F}.Release|Any CPU.ActiveCfg = Release|Any CPU
		{7DBFFDE9-C11F-4BC5-AA47-FEDBB0C0072F}.Release|Any CPU.Build.0 = Release|Any CPU
		{7DBFFDE9-C11F-4BC5-AA47-FEDBB0C0072F}.Release|x64.ActiveCfg = Release|Any CPU
		{7DBFFDE9-C11F-4BC5-AA47-FEDBB0C0072F}.Release|x64.Build.0 = Release|Any CPU
		{7DBFFDE9-C11F-4BC5-AA47-FEDBB0C0072F}.Release|x86.ActiveCfg = Release|Any CPU
		{7DBFFDE9-C11F-4BC5-AA47-FEDBB0C0072F}.Release|x86.Build.0 = Release|Any CPU
		{80FDAE1E-DA9B-4FE2-B097-4194D2929D57}.Debug|Any CPU.ActiveCfg = Debug|Any CPU
		{80FDAE1E-DA9B-4FE2-B097-4194D2929D57}.Debug|Any CPU.Build.0 = Debug|Any CPU
		{80FDAE1E-DA9B-4FE2-B097-4194D2929D57}.Debug|x64.ActiveCfg = Debug|Any CPU
		{80FDAE1E-DA9B-4FE2-B097-4194D2929D57}.Debug|x64.Build.0 = Debug|Any CPU
		{80FDAE1E-DA9B-4FE2-B097-4194D2929D57}.Debug|x86.ActiveCfg = Debug|Any CPU
		{80FDAE1E-DA9B-4FE2-B097-4194D2929D57}.Debug|x86.Build.0 = Debug|Any CPU
		{80FDAE1E-DA9B-4FE2-B097-4194D2929D57}.Release|Any CPU.ActiveCfg = Release|Any CPU
		{80FDAE1E-DA9B-4FE2-B097-4194D2929D57}.Release|Any CPU.Build.0 = Release|Any CPU
		{80FDAE1E-DA9B-4FE2-B097-4194D2929D57}.Release|x64.ActiveCfg = Release|Any CPU
		{80FDAE1E-DA9B-4FE2-B097-4194D2929D57}.Release|x64.Build.0 = Release|Any CPU
		{80FDAE1E-DA9B-4FE2-B097-4194D2929D57}.Release|x86.ActiveCfg = Release|Any CPU
		{80FDAE1E-DA9B-4FE2-B097-4194D2929D57}.Release|x86.Build.0 = Release|Any CPU
		{C157F2D0-138A-4D4C-AC2A-474500AD73EA}.Debug|Any CPU.ActiveCfg = Debug|Any CPU
		{C157F2D0-138A-4D4C-AC2A-474500AD73EA}.Debug|Any CPU.Build.0 = Debug|Any CPU
		{C157F2D0-138A-4D4C-AC2A-474500AD73EA}.Debug|x64.ActiveCfg = Debug|Any CPU
		{C157F2D0-138A-4D4C-AC2A-474500AD73EA}.Debug|x64.Build.0 = Debug|Any CPU
		{C157F2D0-138A-4D4C-AC2A-474500AD73EA}.Debug|x86.ActiveCfg = Debug|Any CPU
		{C157F2D0-138A-4D4C-AC2A-474500AD73EA}.Debug|x86.Build.0 = Debug|Any CPU
		{C157F2D0-138A-4D4C-AC2A-474500AD73EA}.Release|Any CPU.ActiveCfg = Release|Any CPU
		{C157F2D0-138A-4D4C-AC2A-474500AD73EA}.Release|Any CPU.Build.0 = Release|Any CPU
		{C157F2D0-138A-4D4C-AC2A-474500AD73EA}.Release|x64.ActiveCfg = Release|Any CPU
		{C157F2D0-138A-4D4C-AC2A-474500AD73EA}.Release|x64.Build.0 = Release|Any CPU
		{C157F2D0-138A-4D4C-AC2A-474500AD73EA}.Release|x86.ActiveCfg = Release|Any CPU
		{C157F2D0-138A-4D4C-AC2A-474500AD73EA}.Release|x86.Build.0 = Release|Any CPU
		{EE223BF5-26EB-4522-847E-09AC2A87DF98}.Debug|Any CPU.ActiveCfg = Debug|Any CPU
		{EE223BF5-26EB-4522-847E-09AC2A87DF98}.Debug|Any CPU.Build.0 = Debug|Any CPU
		{EE223BF5-26EB-4522-847E-09AC2A87DF98}.Debug|x64.ActiveCfg = Debug|Any CPU
		{EE223BF5-26EB-4522-847E-09AC2A87DF98}.Debug|x64.Build.0 = Debug|Any CPU
		{EE223BF5-26EB-4522-847E-09AC2A87DF98}.Debug|x86.ActiveCfg = Debug|Any CPU
		{EE223BF5-26EB-4522-847E-09AC2A87DF98}.Debug|x86.Build.0 = Debug|Any CPU
		{EE223BF5-26EB-4522-847E-09AC2A87DF98}.Release|Any CPU.ActiveCfg = Release|Any CPU
		{EE223BF5-26EB-4522-847E-09AC2A87DF98}.Release|Any CPU.Build.0 = Release|Any CPU
		{EE223BF5-26EB-4522-847E-09AC2A87DF98}.Release|x64.ActiveCfg = Release|Any CPU
		{EE223BF5-26EB-4522-847E-09AC2A87DF98}.Release|x64.Build.0 = Release|Any CPU
		{EE223BF5-26EB-4522-847E-09AC2A87DF98}.Release|x86.ActiveCfg = Release|Any CPU
		{EE223BF5-26EB-4522-847E-09AC2A87DF98}.Release|x86.Build.0 = Release|Any CPU
		{61AB84FA-D4F6-4B78-8E82-6749A3EC9C1C}.Debug|Any CPU.ActiveCfg = Debug|Any CPU
		{61AB84FA-D4F6-4B78-8E82-6749A3EC9C1C}.Debug|Any CPU.Build.0 = Debug|Any CPU
		{61AB84FA-D4F6-4B78-8E82-6749A3EC9C1C}.Debug|x64.ActiveCfg = Debug|Any CPU
		{61AB84FA-D4F6-4B78-8E82-6749A3EC9C1C}.Debug|x64.Build.0 = Debug|Any CPU
		{61AB84FA-D4F6-4B78-8E82-6749A3EC9C1C}.Debug|x86.ActiveCfg = Debug|Any CPU
		{61AB84FA-D4F6-4B78-8E82-6749A3EC9C1C}.Debug|x86.Build.0 = Debug|Any CPU
		{61AB84FA-D4F6-4B78-8E82-6749A3EC9C1C}.Release|Any CPU.ActiveCfg = Release|Any CPU
		{61AB84FA-D4F6-4B78-8E82-6749A3EC9C1C}.Release|Any CPU.Build.0 = Release|Any CPU
		{61AB84FA-D4F6-4B78-8E82-6749A3EC9C1C}.Release|x64.ActiveCfg = Release|Any CPU
		{61AB84FA-D4F6-4B78-8E82-6749A3EC9C1C}.Release|x64.Build.0 = Release|Any CPU
		{61AB84FA-D4F6-4B78-8E82-6749A3EC9C1C}.Release|x86.ActiveCfg = Release|Any CPU
		{61AB84FA-D4F6-4B78-8E82-6749A3EC9C1C}.Release|x86.Build.0 = Release|Any CPU
		{44DFE52E-543B-45A7-823D-F05DB3E1A3BA}.Debug|Any CPU.ActiveCfg = Debug|Any CPU
		{44DFE52E-543B-45A7-823D-F05DB3E1A3BA}.Debug|Any CPU.Build.0 = Debug|Any CPU
		{44DFE52E-543B-45A7-823D-F05DB3E1A3BA}.Debug|x64.ActiveCfg = Debug|Any CPU
		{44DFE52E-543B-45A7-823D-F05DB3E1A3BA}.Debug|x64.Build.0 = Debug|Any CPU
		{44DFE52E-543B-45A7-823D-F05DB3E1A3BA}.Debug|x86.ActiveCfg = Debug|Any CPU
		{44DFE52E-543B-45A7-823D-F05DB3E1A3BA}.Debug|x86.Build.0 = Debug|Any CPU
		{44DFE52E-543B-45A7-823D-F05DB3E1A3BA}.Release|Any CPU.ActiveCfg = Release|Any CPU
		{44DFE52E-543B-45A7-823D-F05DB3E1A3BA}.Release|Any CPU.Build.0 = Release|Any CPU
		{44DFE52E-543B-45A7-823D-F05DB3E1A3BA}.Release|x64.ActiveCfg = Release|Any CPU
		{44DFE52E-543B-45A7-823D-F05DB3E1A3BA}.Release|x64.Build.0 = Release|Any CPU
		{44DFE52E-543B-45A7-823D-F05DB3E1A3BA}.Release|x86.ActiveCfg = Release|Any CPU
		{44DFE52E-543B-45A7-823D-F05DB3E1A3BA}.Release|x86.Build.0 = Release|Any CPU
	EndGlobalSection
	GlobalSection(NestedProjects) = preSolution
		{E891674B-721B-4F97-A1CB-2C76F4C542C6} = {0722D2A7-76C6-430F-A238-56685022F264}
		{7DBFFDE9-C11F-4BC5-AA47-FEDBB0C0072F} = {0722D2A7-76C6-430F-A238-56685022F264}
		{80FDAE1E-DA9B-4FE2-B097-4194D2929D57} = {6398B935-DFD3-4487-8C59-E23EFC9A4FFE}
		{C157F2D0-138A-4D4C-AC2A-474500AD73EA} = {6398B935-DFD3-4487-8C59-E23EFC9A4FFE}
		{EE223BF5-26EB-4522-847E-09AC2A87DF98} = {4BEAB657-4568-4391-B0A0-E745F0DAF77C}
		{61AB84FA-D4F6-4B78-8E82-6749A3EC9C1C} = {4BEAB657-4568-4391-B0A0-E745F0DAF77C}
	EndGlobalSection
EndGlobal
